
Microsoft Visual Studio Solution File, Format Version 12.00
# Visual Studio Version 17
VisualStudioVersion = 17.5.002.0
MinimumVisualStudioVersion = 10.0.40219.1
Project("{9A19103F-16F7-4668-BE54-9A1E7A4F7556}") = "TP06_Berihogr_AguileraS", "TP06_Berihogr_AguileraS.csproj", "{7682C7F4-08F1-4DB8-B3B6-7C530BB1B080}"
EndProject
Global
	GlobalSection(SolutionConfigurationPlatforms) = preSolution
		Debug|Any CPU = Debug|Any CPU
		Release|Any CPU = Release|Any CPU
	EndGlobalSection
	GlobalSection(ProjectConfigurationPlatforms) = postSolution
		{7682C7F4-08F1-4DB8-B3B6-7C530BB1B080}.Debug|Any CPU.ActiveCfg = Debug|Any CPU
		{7682C7F4-08F1-4DB8-B3B6-7C530BB1B080}.Debug|Any CPU.Build.0 = Debug|Any CPU
		{7682C7F4-08F1-4DB8-B3B6-7C530BB1B080}.Release|Any CPU.ActiveCfg = Release|Any CPU
		{7682C7F4-08F1-4DB8-B3B6-7C530BB1B080}.Release|Any CPU.Build.0 = Release|Any CPU
	EndGlobalSection
	GlobalSection(SolutionProperties) = preSolution
		HideSolutionNode = FALSE
	EndGlobalSection
	GlobalSection(ExtensibilityGlobals) = postSolution
		SolutionGuid = {A6269249-9D58-4F55-B86A-A16E66CC631D}
	EndGlobalSection
EndGlobal
